
Microsoft Visual Studio Solution File, Format Version 12.00
# Visual Studio 2012
Project("{FAE04EC0-301F-11D3-BF4B-00C04F79EFBC}") = "LoadingConstraintDemo", "LoadingConstraintDemo\LoadingConstraintDemo.csproj", "{7E955BA5-6D33-46D1-A7ED-14E131042F19}"
EndProject
Global
	GlobalSection(SolutionConfigurationPlatforms) = preSolution
		Debug|iPhoneSimulator = Debug|iPhoneSimulator
		Release|iPhoneSimulator = Release|iPhoneSimulator
		Debug|iPhone = Debug|iPhone
		Release|iPhone = Release|iPhone
		Ad-Hoc|iPhone = Ad-Hoc|iPhone
		AppStore|iPhone = AppStore|iPhone
	EndGlobalSection
	GlobalSection(ProjectConfigurationPlatforms) = postSolution
		{7E955BA5-6D33-46D1-A7ED-14E131042F19}.Ad-Hoc|iPhone.ActiveCfg = Ad-Hoc|iPhone
		{7E955BA5-6D33-46D1-A7ED-14E131042F19}.Ad-Hoc|iPhone.Build.0 = Ad-Hoc|iPhone
		{7E955BA5-6D33-46D1-A7ED-14E131042F19}.AppStore|iPhone.ActiveCfg = AppStore|iPhone
		{7E955BA5-6D33-46D1-A7ED-14E131042F19}.AppStore|iPhone.Build.0 = AppStore|iPhone
		{7E955BA5-6D33-46D1-A7ED-14E131042F19}.Debug|iPhone.ActiveCfg = Debug|iPhone
		{7E955BA5-6D33-46D1-A7ED-14E131042F19}.Debug|iPhone.Build.0 = Debug|iPhone
		{7E955BA5-6D33-46D1-A7ED-14E131042F19}.Debug|iPhoneSimulator.ActiveCfg = Debug|iPhoneSimulator
		{7E955BA5-6D33-46D1-A7ED-14E131042F19}.Debug|iPhoneSimulator.Build.0 = Debug|iPhoneSimulator
		{7E955BA5-6D33-46D1-A7ED-14E131042F19}.Release|iPhone.ActiveCfg = Release|iPhone
		{7E955BA5-6D33-46D1-A7ED-14E131042F19}.Release|iPhone.Build.0 = Release|iPhone
		{7E955BA5-6D33-46D1-A7ED-14E131042F19}.Release|iPhoneSimulator.ActiveCfg = Release|iPhoneSimulator
		{7E955BA5-6D33-46D1-A7ED-14E131042F19}.Release|iPhoneSimulator.Build.0 = Release|iPhoneSimulator
	EndGlobalSection
EndGlobal
